
Microsoft Visual Studio Solution File, Format Version 12.00
# Visual Studio 15
VisualStudioVersion = 15.0.28307.271
MinimumVisualStudioVersion = 10.0.40219.1
Project("{888888A0-9F3D-457C-B088-3A5042F75D52}") = "ex7", "ex7.pyproj", "{F6A2BECD-A5CD-4B86-A006-9DBB1A3CEE7E}"
EndProject
Global
	GlobalSection(SolutionConfigurationPlatforms) = preSolution
		Debug|Any CPU = Debug|Any CPU
		Release|Any CPU = Release|Any CPU
	EndGlobalSection
	GlobalSection(ProjectConfigurationPlatforms) = postSolution
		{F6A2BECD-A5CD-4B86-A006-9DBB1A3CEE7E}.Debug|Any CPU.ActiveCfg = Debug|Any CPU
		{F6A2BECD-A5CD-4B86-A006-9DBB1A3CEE7E}.Release|Any CPU.ActiveCfg = Release|Any CPU
	EndGlobalSection
	GlobalSection(SolutionProperties) = preSolution
		HideSolutionNode = FALSE
	EndGlobalSection
	GlobalSection(ExtensibilityGlobals) = postSolution
		SolutionGuid = {C2D7CF7E-45C6-4198-9BDF-E1163C3A73BF}
	EndGlobalSection
EndGlobal
